
Microsoft Visual Studio Solution File, Format Version 12.00
# Visual Studio 2013
VisualStudioVersion = 12.0.31101.0
MinimumVisualStudioVersion = 10.0.40219.1
Project("{FAE04EC0-301F-11D3-BF4B-00C04F79EFBC}") = "SendSms", "SendSms.csproj", "{86A05AC5-69ED-46E5-8C89-9C7FEC97F7C5}"
EndProject
Project("{FAE04EC0-301F-11D3-BF4B-00C04F79EFBC}") = "ExampleUsage", "..\ExampleUsage\ExampleUsage.csproj", "{9B1F0FE7-2EE9-423C-9664-BA0250694BC0}"
EndProject
Global
	GlobalSection(SolutionConfigurationPlatforms) = preSolution
		Debug|Any CPU = Debug|Any CPU
		Release|Any CPU = Release|Any CPU
	EndGlobalSection
	GlobalSection(ProjectConfigurationPlatforms) = postSolution
		{86A05AC5-69ED-46E5-8C89-9C7FEC97F7C5}.Debug|Any CPU.ActiveCfg = Debug|Any CPU
		{86A05AC5-69ED-46E5-8C89-9C7FEC97F7C5}.Debug|Any CPU.Build.0 = Debug|Any CPU
		{86A05AC5-69ED-46E5-8C89-9C7FEC97F7C5}.Release|Any CPU.ActiveCfg = Release|Any CPU
		{86A05AC5-69ED-46E5-8C89-9C7FEC97F7C5}.Release|Any CPU.Build.0 = Release|Any CPU
		{9B1F0FE7-2EE9-423C-9664-BA0250694BC0}.Debug|Any CPU.ActiveCfg = Debug|Any CPU
		{9B1F0FE7-2EE9-423C-9664-BA0250694BC0}.Debug|Any CPU.Build.0 = Debug|Any CPU
		{9B1F0FE7-2EE9-423C-9664-BA0250694BC0}.Release|Any CPU.ActiveCfg = Release|Any CPU
		{9B1F0FE7-2EE9-423C-9664-BA0250694BC0}.Release|Any CPU.Build.0 = Release|Any CPU
	EndGlobalSection
	GlobalSection(SolutionProperties) = preSolution
		HideSolutionNode = FALSE
	EndGlobalSection
EndGlobal
